
Microsoft Visual Studio Solution File, Format Version 12.00
# Visual Studio Version 17
VisualStudioVersion = 17.6.33829.357
MinimumVisualStudioVersion = 10.0.40219.1
Project("{FAE04EC0-301F-11D3-BF4B-00C04F79EFBC}") = "JwtWebAPI", "JwtWebAPI\JwtWebAPI.csproj", "{45BB7CBC-127A-4650-B0DD-A89582D9CA71}"
EndProject
Global
	GlobalSection(SolutionConfigurationPlatforms) = preSolution
		Debug|Any CPU = Debug|Any CPU
		Release|Any CPU = Release|Any CPU
	EndGlobalSection
	GlobalSection(ProjectConfigurationPlatforms) = postSolution
		{45BB7CBC-127A-4650-B0DD-A89582D9CA71}.Debug|Any CPU.ActiveCfg = Debug|Any CPU
		{45BB7CBC-127A-4650-B0DD-A89582D9CA71}.Debug|Any CPU.Build.0 = Debug|Any CPU
		{45BB7CBC-127A-4650-B0DD-A89582D9CA71}.Release|Any CPU.ActiveCfg = Release|Any CPU
		{45BB7CBC-127A-4650-B0DD-A89582D9CA71}.Release|Any CPU.Build.0 = Release|Any CPU
	EndGlobalSection
	GlobalSection(SolutionProperties) = preSolution
		HideSolutionNode = FALSE
	EndGlobalSection
	GlobalSection(ExtensibilityGlobals) = postSolution
		SolutionGuid = {7D9076ED-DE06-461E-B621-F14E32E4A760}
	EndGlobalSection
EndGlobal
